// !$*UTF8*$!
{
	archiveVersion = 1;
	classes = {
	};
	objectVersion = 46;
	objects = {

/* Begin PBXBuildFile section */
		CF8E7C3E1EBC4FC700031431 /* main.cpp in Sources */ = {isa = PBXBuildFile; fileRef = CF8E7C3D1EBC4FC700031431 /* main.cpp */; };
/* End PBXBuildFile section */

/* Begin PBXCopyFilesBuildPhase section */
		CF8E7C381EBC4FC700031431 /* CopyFiles */ = {
			isa = PBXCopyFilesBuildPhase;
			buildActionMask = 2147483647;
			dstPath = /usr/share/man/man1/;
			dstSubfolderSpec = 0;
			files = (
			);
			runOnlyForDeploymentPostprocessing = 1;
		};
/* End PBXCopyFilesBuildPhase section */

/* Begin PBXFileReference section */
		CF8E7C3A1EBC4FC700031431 /* Singly-linked list */ = {isa = PBXFileReference; explicitFileType = "compiled.mach-o.executable"; includeInIndex = 0; path = "Singly-linked list"; sourceTree = BUILT_PRODUCTS_DIR; };
		CF8E7C3D1EBC4FC700031431 /* main.cpp */ = {isa = PBXFileReference; lastKnownFileType = sourcecode.cpp.cpp; path = main.cpp; sourceTree = "<group>"; };
/* End PBXFileReference section */

/* Begin PBXFrameworksBuildPhase section */
		CF8E7C371EBC4FC700031431 /* Frameworks */ = {
			isa = PBXFrameworksBuildPhase;
			buildActionMask = 2147483647;
			files = (
			);
			runOnlyForDeploymentPostprocessing = 0;
		};
/* End PBXFrameworksBuildPhase section */

/* Begin PBXGroup section */
		CF8E7C311EBC4FC700031431 = {
			isa = PBXGroup;
			children = (
				CF8E7C3C1EBC4FC700031431 /* Singly-linked list */,
				CF8E7C3B1EBC4FC700031431 /* Products */,
			);
			sourceTree = "<group>";
		};
		CF8E7C3B1EBC4FC700031431 /* Products */ = {
			isa = PBXGroup;
			children = (
				CF8E7C3A1EBC4FC700031431 /* Singly-linked list */,
			);
			name = Products;
			sourceTree = "<group>";
		};
		CF8E7C3C1EBC4FC700031431 /* Singly-linked list */ = {
			isa = PBXGroup;
			children = (
				CF8E7C3D1EBC4FC700031431 /* main.cpp */,
			);
			path = "Singly-linked list";
			sourceTree = "<group>";
		};
/* End PBXGroup section */

/* Begin PBXNativeTarget section */
		CF8E7C391EBC4FC700031431 /* Singly-linked list */ = {
			isa = PBXNativeTarget;
			buildConfigurationList = CF8E7C411EBC4FC700031431 /* Build configuration list for PBXNativeTarget "Singly-linked list" */;
			buildPhases = (
				CF8E7C361EBC4FC700031431 /* Sources */,
				CF8E7C371EBC4FC700031431 /* Frameworks */,
				CF8E7C381EBC4FC700031431 /* CopyFiles */,
			);
			buildRules = (
			);
			dependencies = (
			);
			name = "Singly-linked list";
			productName = "Singly-linked list";
			productReference = CF8E7C3A1EBC4FC700031431 /* Singly-linked list */;
			productType = "com.apple.product-type.tool";
		};
/* End PBXNativeTarget section */

/* Begin PBXProject section */
		CF8E7C321EBC4FC700031431 /* Project object */ = {
			isa = PBXProject;
			attributes = {
				LastUpgradeCheck = 0640;
				ORGANIZATIONNAME = "Orson Lin";
				TargetAttributes = {
					CF8E7C391EBC4FC700031431 = {
						CreatedOnToolsVersion = 6.4;
					};
				};
			};
			buildConfigurationList = CF8E7C351EBC4FC700031431 /* Build configuration list for PBXProject "Singly-linked list" */;
			compatibilityVersion = "Xcode 3.2";
			developmentRegion = English;
			hasScannedForEncodings = 0;
			knownRegions = (
				en,
			);
			mainGroup = CF8E7C311EBC4FC700031431;
			productRefGroup = CF8E7C3B1EBC4FC700031431 /* Products */;
			projectDirPath = "";
			projectRoot = "";
			targets = (
				CF8E7C391EBC4FC700031431 /* Singly-linked list */,
			);
		};
/* End PBXProject section */

/* Begin PBXSourcesBuildPhase section */
		CF8E7C361EBC4FC700031431 /* Sources */ = {
			isa = PBXSourcesBuildPhase;
			buildActionMask = 2147483647;
			files = (
				CF8E7C3E1EBC4FC700031431 /* main.cpp in Sources */,
			);
			runOnlyForDeploymentPostprocessing = 0;
		};
/* End PBXSourcesBuildPhase section */

/* Begin XCBuildConfiguration section */
		CF8E7C3F1EBC4FC700031431 /* Debug */ = {
			isa = XCBuildConfiguration;
			buildSettings = {
				ALWAYS_SEARCH_USER_PATHS = NO;
				CLANG_CXX_LANGUAGE_STANDARD = "gnu++0x";
				CLANG_CXX_LIBRARY = "libc++";
				CLANG_ENABLE_MODULES = YES;
				CLANG_ENABLE_OBJC_ARC = YES;
				CLANG_WARN_BOOL_CONVERSION = YES;
				CLANG_WARN_CONSTANT_CONVERSION = YES;
				CLANG_WARN_DIRECT_OBJC_ISA_USAGE = YES_ERROR;
				CLANG_WARN_EMPTY_BODY = YES;
				CLANG_WARN_ENUM_CONVERSION = YES;
				CLANG_WARN_INT_CONVERSION = YES;
				CLANG_WARN_OBJC_ROOT_CLASS = YES_ERROR;
				CLANG_WARN_UNREACHABLE_CODE = YES;
				CLANG_WARN__DUPLICATE_METHOD_MATCH = YES;
				COPY_PHASE_STRIP = NO;
				DEBUG_INFORMATION_FORMAT = dwarf;
				ENABLE_STRICT_OBJC_MSGSEND = YES;
				GCC_C_LANGUAGE_STANDARD = gnu99;
				GCC_DYNAMIC_NO_PIC = NO;
				GCC_NO_COMMON_BLOCKS = YES;
				GCC_OPTIMIZATION_LEVEL = 0;
				GCC_PREPROCESSOR_DEFINITIONS = (
					"DEBUG=1",
					"$(inherited)",
				);
				GCC_SYMBOLS_PRIVATE_EXTERN = NO;
				GCC_WARN_64_TO_32_BIT_CONVERSION = YES;
				GCC_WARN_ABOUT_RETURN_TYPE = YES_ERROR;
				GCC_WARN_UNDECLARED_SELECTOR = YES;
				GCC_WARN_UNINITIALIZED_AUTOS = YES_AGGRESSIVE;
				GCC_WARN_UNUSED_FUNCTION = YES;
				GCC_WARN_UNUSED_VARIABLE = YES;
				MACOSX_DEPLOYMENT_TARGET = 10.10;
				MTL_ENABLE_DEBUG_INFO = YES;
				ONLY_ACTIVE_ARCH = YES;
				SDKROOT = macosx;
			};
			name = Debug;
		};
		CF8E7C401EBC4FC700031431 /* Release */ = {
			isa = XCBuildConfiguration;
			buildSettings = {
				ALWAYS_SEARCH_USER_PATHS = NO;
				CLANG_CXX_LANGUAGE_STANDARD = "gnu++0x";
				CLANG_CXX_LIBRARY = "libc++";
				CLANG_ENABLE_MODULES = YES;
				CLANG_ENABLE_OBJC_ARC = YES;
				CLANG_WARN_BOOL_CONVERSION = YES;
				CLANG_WARN_CONSTANT_CONVERSION = YES;
				CLANG_WARN_DIRECT_OBJC_ISA_USAGE = YES_ERROR;
				CLANG_WARN_EMPTY_BODY = YES;
				CLANG_WARN_ENUM_CONVERSION = YES;
				CLANG_WARN_INT_CONVERSION = YES;
				CLANG_WARN_OBJC_ROOT_CLASS = YES_ERROR;
				CLANG_WARN_UNREACHABLE_CODE = YES;
				CLANG_WARN__DUPLICATE_METHOD_MATCH = YES;
				COPY_PHASE_STRIP = NO;
				DEBUG_INFORMATION_FORMAT = "dwarf-with-dsym";
				ENABLE_NS_ASSERTIONS = NO;
				ENABLE_STRICT_OBJC_MSGSEND = YES;
				GCC_C_LANGUAGE_STANDARD = gnu99;
				GCC_NO_COMMON_BLOCKS = YES;
				GCC_WARN_64_TO_32_BIT_CONVERSION = YES;
				GCC_WARN_ABOUT_RETURN_TYPE = YES_ERROR;
				GCC_WARN_UNDECLARED_SELECTOR = YES;
				GCC_WARN_UNINITIALIZED_AUTOS = YES_AGGRESSIVE;
				GCC_WARN_UNUSED_FUNCTION = YES;
				GCC_WARN_UNUSED_VARIABLE = YES;
				MACOSX_DEPLOYMENT_TARGET = 10.10;
				MTL_ENABLE_DEBUG_INFO = NO;
				SDKROOT = macosx;
			};
			name = Release;
		};
		CF8E7C421EBC4FC700031431 /* Debug */ = {
			isa = XCBuildConfiguration;
			buildSettings = {
				PRODUCT_NAME = "$(TARGET_NAME)";
			};
			name = Debug;
		};
		CF8E7C431EBC4FC700031431 /* Release */ = {
			isa = XCBuildConfiguration;
			buildSettings = {
				PRODUCT_NAME = "$(TARGET_NAME)";
			};
			name = Release;
		};
/* End XCBuildConfiguration section */

/* Begin XCConfigurationList section */
		CF8E7C351EBC4FC700031431 /* Build configuration list for PBXProject "Singly-linked list" */ = {
			isa = XCConfigurationList;
			buildConfigurations = (
				CF8E7C3F1EBC4FC700031431 /* Debug */,
				CF8E7C401EBC4FC700031431 /* Release */,
			);
			defaultConfigurationIsVisible = 0;
			defaultConfigurationName = Release;
		};
		CF8E7C411EBC4FC700031431 /* Build configuration list for PBXNativeTarget "Singly-linked list" */ = {
			isa = XCConfigurationList;
			buildConfigurations = (
				CF8E7C421EBC4FC700031431 /* Debug */,
				CF8E7C431EBC4FC700031431 /* Release */,
			);
			defaultConfigurationIsVisible = 0;
		};
/* End XCConfigurationList section */
	};
	rootObject = CF8E7C321EBC4FC700031431 /* Project object */;
}
